// !$*UTF8*$!
{
	archiveVersion = 1;
	classes = {
	};
	objectVersion = 55;
	objects = {

/* Begin PBXBuildFile section */
		2C42450F27B52BDA004BBEEB /* Models.swift in Sources */ = {isa = PBXBuildFile; fileRef = 2C42450E27B52BDA004BBEEB /* Models.swift */; };
		2C45858327A0063A00CA6561 /* FormTableViewCell.swift in Sources */ = {isa = PBXBuildFile; fileRef = 2C45858227A0063A00CA6561 /* FormTableViewCell.swift */; };
		2C45858627A023A700CA6561 /* PhotoCollectionViewCell.swift in Sources */ = {isa = PBXBuildFile; fileRef = 2C45858527A023A700CA6561 /* PhotoCollectionViewCell.swift */; };
		2C45858827A0251B00CA6561 /* ProfileInfoHeaderCollectionReusableView.swift in Sources */ = {isa = PBXBuildFile; fileRef = 2C45858727A0251B00CA6561 /* ProfileInfoHeaderCollectionReusableView.swift */; };
		2C45858A27A0263200CA6561 /* ProfileTabsCollectionReusableView.swift in Sources */ = {isa = PBXBuildFile; fileRef = 2C45858927A0263200CA6561 /* ProfileTabsCollectionReusableView.swift */; };
		C606D5DB4D024DA1C009B0B7 /* Pods_Instagram.framework in Frameworks */ = {isa = PBXBuildFile; fileRef = C2EC7752F1A2A69610A79441 /* Pods_Instagram.framework */; };
		DF05A306279F263400570C35 /* IGFeedPostTableViewCell.swift in Sources */ = {isa = PBXBuildFile; fileRef = DF05A305279F263400570C35 /* IGFeedPostTableViewCell.swift */; };
		DF05A309279F284500570C35 /* IGFeedPostHeaderTableViewCell.swift in Sources */ = {isa = PBXBuildFile; fileRef = DF05A308279F284500570C35 /* IGFeedPostHeaderTableViewCell.swift */; };
		DF05A30B279F288200570C35 /* IGFeedPostActionsTableViewCell.swift in Sources */ = {isa = PBXBuildFile; fileRef = DF05A30A279F288200570C35 /* IGFeedPostActionsTableViewCell.swift */; };
		DF05A30D279F28BF00570C35 /* IGFeedPostGeneralTableViewCell.swift in Sources */ = {isa = PBXBuildFile; fileRef = DF05A30C279F28BF00570C35 /* IGFeedPostGeneralTableViewCell.swift */; };
		DF1B24A2279B1255009F72BF /* GoogleService-Info.plist in Resources */ = {isa = PBXBuildFile; fileRef = DF1B24A1279B1255009F72BF /* GoogleService-Info.plist */; };
		DF1B24A5279B1774009F72BF /* DatabaseManager.swift in Sources */ = {isa = PBXBuildFile; fileRef = DF1B24A4279B1774009F72BF /* DatabaseManager.swift */; };
		DF1B24A7279B1933009F72BF /* AuthManager.swift in Sources */ = {isa = PBXBuildFile; fileRef = DF1B24A6279B1933009F72BF /* AuthManager.swift */; };
		DF1B24A9279B19A0009F72BF /* StorageManager.swift in Sources */ = {isa = PBXBuildFile; fileRef = DF1B24A8279B19A0009F72BF /* StorageManager.swift */; };
		DF300796279B300700797EFD /* Extensions.swift in Sources */ = {isa = PBXBuildFile; fileRef = DF300795279B300700797EFD /* Extensions.swift */; };
		DF99ED99279AC13F00761CCD /* AppDelegate.swift in Sources */ = {isa = PBXBuildFile; fileRef = DF99ED98279AC13F00761CCD /* AppDelegate.swift */; };
		DF99ED9B279AC13F00761CCD /* SceneDelegate.swift in Sources */ = {isa = PBXBuildFile; fileRef = DF99ED9A279AC13F00761CCD /* SceneDelegate.swift */; };
		DF99ED9D279AC13F00761CCD /* HomeViewController.swift in Sources */ = {isa = PBXBuildFile; fileRef = DF99ED9C279AC13F00761CCD /* HomeViewController.swift */; };
		DF99EDA0279AC13F00761CCD /* Main.storyboard in Resources */ = {isa = PBXBuildFile; fileRef = DF99ED9E279AC13F00761CCD /* Main.storyboard */; };
		DF99EDA2279AC14000761CCD /* Assets.xcassets in Resources */ = {isa = PBXBuildFile; fileRef = DF99EDA1279AC14000761CCD /* Assets.xcassets */; };
		DF99EDA5279AC14000761CCD /* LaunchScreen.storyboard in Resources */ = {isa = PBXBuildFile; fileRef = DF99EDA3279AC14000761CCD /* LaunchScreen.storyboard */; };
		DF99EDB2279AC30C00761CCD /* ExploreViewController.swift in Sources */ = {isa = PBXBuildFile; fileRef = DF99EDB1279AC30C00761CCD /* ExploreViewController.swift */; };
		DF99EDB4279AC34700761CCD /* CameraViewController.swift in Sources */ = {isa = PBXBuildFile; fileRef = DF99EDB3279AC34700761CCD /* CameraViewController.swift */; };
		DF99EDB6279AC36E00761CCD /* NotificationsViewController.swift in Sources */ = {isa = PBXBuildFile; fileRef = DF99EDB5279AC36E00761CCD /* NotificationsViewController.swift */; };
		DF99EDB8279AC38E00761CCD /* ProfileViewController.swift in Sources */ = {isa = PBXBuildFile; fileRef = DF99EDB7279AC38E00761CCD /* ProfileViewController.swift */; };
		DF99EDBD279AC43900761CCD /* LoginViewController.swift in Sources */ = {isa = PBXBuildFile; fileRef = DF99EDBC279AC43900761CCD /* LoginViewController.swift */; };
		DF99EDBF279AC45D00761CCD /* RegistrationViewController.swift in Sources */ = {isa = PBXBuildFile; fileRef = DF99EDBE279AC45D00761CCD /* RegistrationViewController.swift */; };
		DF99EDC1279AC48E00761CCD /* PostViewController.swift in Sources */ = {isa = PBXBuildFile; fileRef = DF99EDC0279AC48E00761CCD /* PostViewController.swift */; };
		DF99EDC3279AC4CF00761CCD /* EditProfileViewController.swift in Sources */ = {isa = PBXBuildFile; fileRef = DF99EDC2279AC4CF00761CCD /* EditProfileViewController.swift */; };
		DF99EDC5279AC4FF00761CCD /* SettingsViewController.swift in Sources */ = {isa = PBXBuildFile; fileRef = DF99EDC4279AC4FF00761CCD /* SettingsViewController.swift */; };
		DF99EDC7279AC52100761CCD /* ListViewController.swift in Sources */ = {isa = PBXBuildFile; fileRef = DF99EDC6279AC52100761CCD /* ListViewController.swift */; };
		DF99EDC9279AC54600761CCD /* SearchViewController.swift in Sources */ = {isa = PBXBuildFile; fileRef = DF99EDC8279AC54600761CCD /* SearchViewController.swift */; };
		DF99EDCB279AC57800761CCD /* SearchResultViewController.swift in Sources */ = {isa = PBXBuildFile; fileRef = DF99EDCA279AC57800761CCD /* SearchResultViewController.swift */; };
		DF99EDCD279AC5C800761CCD /* PostEditorViewController.swift in Sources */ = {isa = PBXBuildFile; fileRef = DF99EDCC279AC5C800761CCD /* PostEditorViewController.swift */; };
		DF99EDCF279AC5F100761CCD /* PublishPostViewController.swift in Sources */ = {isa = PBXBuildFile; fileRef = DF99EDCE279AC5F100761CCD /* PublishPostViewController.swift */; };
/* End PBXBuildFile section */

/* Begin PBXFileReference section */
		2C42450E27B52BDA004BBEEB /* Models.swift */ = {isa = PBXFileReference; lastKnownFileType = sourcecode.swift; path = Models.swift; sourceTree = SOURCE_ROOT; };
		2C45858227A0063A00CA6561 /* FormTableViewCell.swift */ = {isa = PBXFileReference; lastKnownFileType = sourcecode.swift; path = FormTableViewCell.swift; sourceTree = "<group>"; };
		2C45858527A023A700CA6561 /* PhotoCollectionViewCell.swift */ = {isa = PBXFileReference; lastKnownFileType = sourcecode.swift; path = PhotoCollectionViewCell.swift; sourceTree = "<group>"; };
		2C45858727A0251B00CA6561 /* ProfileInfoHeaderCollectionReusableView.swift */ = {isa = PBXFileReference; lastKnownFileType = sourcecode.swift; path = ProfileInfoHeaderCollectionReusableView.swift; sourceTree = "<group>"; };
		2C45858927A0263200CA6561 /* ProfileTabsCollectionReusableView.swift */ = {isa = PBXFileReference; lastKnownFileType = sourcecode.swift; path = ProfileTabsCollectionReusableView.swift; sourceTree = "<group>"; };
		C2EC7752F1A2A69610A79441 /* Pods_Instagram.framework */ = {isa = PBXFileReference; explicitFileType = wrapper.framework; includeInIndex = 0; path = Pods_Instagram.framework; sourceTree = BUILT_PRODUCTS_DIR; };
		DF05A305279F263400570C35 /* IGFeedPostTableViewCell.swift */ = {isa = PBXFileReference; lastKnownFileType = sourcecode.swift; path = IGFeedPostTableViewCell.swift; sourceTree = "<group>"; };
		DF05A308279F284500570C35 /* IGFeedPostHeaderTableViewCell.swift */ = {isa = PBXFileReference; lastKnownFileType = sourcecode.swift; path = IGFeedPostHeaderTableViewCell.swift; sourceTree = "<group>"; };
		DF05A30A279F288200570C35 /* IGFeedPostActionsTableViewCell.swift */ = {isa = PBXFileReference; lastKnownFileType = sourcecode.swift; path = IGFeedPostActionsTableViewCell.swift; sourceTree = "<group>"; };
		DF05A30C279F28BF00570C35 /* IGFeedPostGeneralTableViewCell.swift */ = {isa = PBXFileReference; lastKnownFileType = sourcecode.swift; path = IGFeedPostGeneralTableViewCell.swift; sourceTree = "<group>"; };
		DF1B24A1279B1255009F72BF /* GoogleService-Info.plist */ = {isa = PBXFileReference; fileEncoding = 4; lastKnownFileType = text.plist.xml; path = "GoogleService-Info.plist"; sourceTree = "<group>"; };
		DF1B24A4279B1774009F72BF /* DatabaseManager.swift */ = {isa = PBXFileReference; lastKnownFileType = sourcecode.swift; path = DatabaseManager.swift; sourceTree = "<group>"; };
		DF1B24A6279B1933009F72BF /* AuthManager.swift */ = {isa = PBXFileReference; lastKnownFileType = sourcecode.swift; path = AuthManager.swift; sourceTree = "<group>"; };
		DF1B24A8279B19A0009F72BF /* StorageManager.swift */ = {isa = PBXFileReference; lastKnownFileType = sourcecode.swift; path = StorageManager.swift; sourceTree = "<group>"; };
		DF300795279B300700797EFD /* Extensions.swift */ = {isa = PBXFileReference; lastKnownFileType = sourcecode.swift; path = Extensions.swift; sourceTree = "<group>"; };
		DF99ED95279AC13F00761CCD /* Instagram.app */ = {isa = PBXFileReference; explicitFileType = wrapper.application; includeInIndex = 0; path = Instagram.app; sourceTree = BUILT_PRODUCTS_DIR; };
		DF99ED98279AC13F00761CCD /* AppDelegate.swift */ = {isa = PBXFileReference; lastKnownFileType = sourcecode.swift; path = AppDelegate.swift; sourceTree = "<group>"; };
		DF99ED9A279AC13F00761CCD /* SceneDelegate.swift */ = {isa = PBXFileReference; lastKnownFileType = sourcecode.swift; path = SceneDelegate.swift; sourceTree = "<group>"; };
		DF99ED9C279AC13F00761CCD /* HomeViewController.swift */ = {isa = PBXFileReference; lastKnownFileType = sourcecode.swift; path = HomeViewController.swift; sourceTree = "<group>"; };
		DF99ED9F279AC13F00761CCD /* Base */ = {isa = PBXFileReference; lastKnownFileType = file.storyboard; name = Base; path = Base.lproj/Main.storyboard; sourceTree = "<group>"; };
		DF99EDA1279AC14000761CCD /* Assets.xcassets */ = {isa = PBXFileReference; lastKnownFileType = folder.assetcatalog; path = Assets.xcassets; sourceTree = "<group>"; };
		DF99EDA4279AC14000761CCD /* Base */ = {isa = PBXFileReference; lastKnownFileType = file.storyboard; name = Base; path = Base.lproj/LaunchScreen.storyboard; sourceTree = "<group>"; };
		DF99EDA6279AC14000761CCD /* Info.plist */ = {isa = PBXFileReference; lastKnownFileType = text.plist.xml; path = Info.plist; sourceTree = "<group>"; };
		DF99EDB1279AC30C00761CCD /* ExploreViewController.swift */ = {isa = PBXFileReference; lastKnownFileType = sourcecode.swift; path = ExploreViewController.swift; sourceTree = "<group>"; };
		DF99EDB3279AC34700761CCD /* CameraViewController.swift */ = {isa = PBXFileReference; lastKnownFileType = sourcecode.swift; path = CameraViewController.swift; sourceTree = "<group>"; };
		DF99EDB5279AC36E00761CCD /* NotificationsViewController.swift */ = {isa = PBXFileReference; lastKnownFileType = sourcecode.swift; path = NotificationsViewController.swift; sourceTree = "<group>"; };
		DF99EDB7279AC38E00761CCD /* ProfileViewController.swift */ = {isa = PBXFileReference; lastKnownFileType = sourcecode.swift; path = ProfileViewController.swift; sourceTree = "<group>"; };
		DF99EDBC279AC43900761CCD /* LoginViewController.swift */ = {isa = PBXFileReference; lastKnownFileType = sourcecode.swift; path = LoginViewController.swift; sourceTree = "<group>"; };
		DF99EDBE279AC45D00761CCD /* RegistrationViewController.swift */ = {isa = PBXFileReference; lastKnownFileType = sourcecode.swift; path = RegistrationViewController.swift; sourceTree = "<group>"; };
		DF99EDC0279AC48E00761CCD /* PostViewController.swift */ = {isa = PBXFileReference; lastKnownFileType = sourcecode.swift; path = PostViewController.swift; sourceTree = "<group>"; };
		DF99EDC2279AC4CF00761CCD /* EditProfileViewController.swift */ = {isa = PBXFileReference; lastKnownFileType = sourcecode.swift; path = EditProfileViewController.swift; sourceTree = "<group>"; };
		DF99EDC4279AC4FF00761CCD /* SettingsViewController.swift */ = {isa = PBXFileReference; lastKnownFileType = sourcecode.swift; path = SettingsViewController.swift; sourceTree = "<group>"; };
		DF99EDC6279AC52100761CCD /* ListViewController.swift */ = {isa = PBXFileReference; lastKnownFileType = sourcecode.swift; path = ListViewController.swift; sourceTree = "<group>"; };
		DF99EDC8279AC54600761CCD /* SearchViewController.swift */ = {isa = PBXFileReference; lastKnownFileType = sourcecode.swift; path = SearchViewController.swift; sourceTree = "<group>"; };
		DF99EDCA279AC57800761CCD /* SearchResultViewController.swift */ = {isa = PBXFileReference; lastKnownFileType = sourcecode.swift; path = SearchResultViewController.swift; sourceTree = "<group>"; };
		DF99EDCC279AC5C800761CCD /* PostEditorViewController.swift */ = {isa = PBXFileReference; lastKnownFileType = sourcecode.swift; path = PostEditorViewController.swift; sourceTree = "<group>"; };
		DF99EDCE279AC5F100761CCD /* PublishPostViewController.swift */ = {isa = PBXFileReference; lastKnownFileType = sourcecode.swift; path = PublishPostViewController.swift; sourceTree = "<group>"; };
		E186ADE034235506269453A9 /* Pods-Instagram.debug.xcconfig */ = {isa = PBXFileReference; includeInIndex = 1; lastKnownFileType = text.xcconfig; name = "Pods-Instagram.debug.xcconfig"; path = "Target Support Files/Pods-Instagram/Pods-Instagram.debug.xcconfig"; sourceTree = "<group>"; };
		ED2F91CE469F86B80BCD6240 /* Pods-Instagram.release.xcconfig */ = {isa = PBXFileReference; includeInIndex = 1; lastKnownFileType = text.xcconfig; name = "Pods-Instagram.release.xcconfig"; path = "Target Support Files/Pods-Instagram/Pods-Instagram.release.xcconfig"; sourceTree = "<group>"; };
/* End PBXFileReference section */

/* Begin PBXFrameworksBuildPhase section */
		DF99ED92279AC13F00761CCD /* Frameworks */ = {
			isa = PBXFrameworksBuildPhase;
			buildActionMask = 2147483647;
			files = (
				C606D5DB4D024DA1C009B0B7 /* Pods_Instagram.framework in Frameworks */,
			);
			runOnlyForDeploymentPostprocessing = 0;
		};
/* End PBXFrameworksBuildPhase section */

/* Begin PBXGroup section */
		2C45858427A0230000CA6561 /* CollectionView Headers */ = {
			isa = PBXGroup;
			children = (
				2C45858727A0251B00CA6561 /* ProfileInfoHeaderCollectionReusableView.swift */,
				2C45858927A0263200CA6561 /* ProfileTabsCollectionReusableView.swift */,
			);
			path = "CollectionView Headers";
			sourceTree = "<group>";
		};
		8FC71EABCE46BF17C83488E9 /* Pods */ = {
			isa = PBXGroup;
			children = (
				E186ADE034235506269453A9 /* Pods-Instagram.debug.xcconfig */,
				ED2F91CE469F86B80BCD6240 /* Pods-Instagram.release.xcconfig */,
			);
			path = Pods;
			sourceTree = "<group>";
		};
		DF05A304279F25D100570C35 /* Cells */ = {
			isa = PBXGroup;
			children = (
				DF05A307279F27FA00570C35 /* Home Feed */,
				2C45858227A0063A00CA6561 /* FormTableViewCell.swift */,
				2C45858527A023A700CA6561 /* PhotoCollectionViewCell.swift */,
			);
			path = Cells;
			sourceTree = "<group>";
		};
		DF05A307279F27FA00570C35 /* Home Feed */ = {
			isa = PBXGroup;
			children = (
				DF05A305279F263400570C35 /* IGFeedPostTableViewCell.swift */,
				DF05A308279F284500570C35 /* IGFeedPostHeaderTableViewCell.swift */,
				DF05A30A279F288200570C35 /* IGFeedPostActionsTableViewCell.swift */,
				DF05A30C279F28BF00570C35 /* IGFeedPostGeneralTableViewCell.swift */,
			);
			path = "Home Feed";
			sourceTree = "<group>";
		};
		DF1B24A3279B15E5009F72BF /* General */ = {
			isa = PBXGroup;
			children = (
				DF99EDC4279AC4FF00761CCD /* SettingsViewController.swift */,
				DF99EDC0279AC48E00761CCD /* PostViewController.swift */,
				DF99EDC2279AC4CF00761CCD /* EditProfileViewController.swift */,
				DF99EDC6279AC52100761CCD /* ListViewController.swift */,
				DF99EDC8279AC54600761CCD /* SearchViewController.swift */,
				DF99EDCA279AC57800761CCD /* SearchResultViewController.swift */,
				DF99EDCC279AC5C800761CCD /* PostEditorViewController.swift */,
				DF99EDCE279AC5F100761CCD /* PublishPostViewController.swift */,
			);
			path = General;
			sourceTree = "<group>";
		};
		DF99ED8C279AC13F00761CCD = {
			isa = PBXGroup;
			children = (
				DF99ED97279AC13F00761CCD /* Instagram */,
				DF99ED96279AC13F00761CCD /* Products */,
				8FC71EABCE46BF17C83488E9 /* Pods */,
				EA7F4CA91BB9751E48B0468B /* Frameworks */,
			);
			sourceTree = "<group>";
		};
		DF99ED96279AC13F00761CCD /* Products */ = {
			isa = PBXGroup;
			children = (
				DF99ED95279AC13F00761CCD /* Instagram.app */,
			);
			name = Products;
			sourceTree = "<group>";
		};
		DF99ED97279AC13F00761CCD /* Instagram */ = {
			isa = PBXGroup;
			children = (
				DF99EDAF279AC1DB00761CCD /* Resources */,
				DF99EDAE279AC1CA00761CCD /* Models */,
				DF99EDAD279AC1C200761CCD /* Views */,
				DF99EDAC279AC19700761CCD /* Controllers */,
				DF99EDA6279AC14000761CCD /* Info.plist */,
			);
			path = Instagram;
			sourceTree = "<group>";
		};
		DF99EDAC279AC19700761CCD /* Controllers */ = {
			isa = PBXGroup;
			children = (
				DF99EDBA279AC40000761CCD /* Other */,
				DF99EDB9279AC3B600761CCD /* Core Tabs */,
			);
			path = Controllers;
			sourceTree = "<group>";
		};
		DF99EDAD279AC1C200761CCD /* Views */ = {
			isa = PBXGroup;
			children = (
				2C45858427A0230000CA6561 /* CollectionView Headers */,
				DF05A304279F25D100570C35 /* Cells */,
				DF99EDB0279AC23F00761CCD /* Storyboards */,
				DF99EDA1279AC14000761CCD /* Assets.xcassets */,
			);
			path = Views;
			sourceTree = "<group>";
		};
		DF99EDAE279AC1CA00761CCD /* Models */ = {
			isa = PBXGroup;
			children = (
				2C42450E27B52BDA004BBEEB /* Models.swift */,
			);
			path = Models;
			sourceTree = "<group>";
		};
		DF99EDAF279AC1DB00761CCD /* Resources */ = {
			isa = PBXGroup;
			children = (
				DF99ED98279AC13F00761CCD /* AppDelegate.swift */,
				DF99ED9A279AC13F00761CCD /* SceneDelegate.swift */,
				DF1B24A4279B1774009F72BF /* DatabaseManager.swift */,
				DF1B24A6279B1933009F72BF /* AuthManager.swift */,
				DF1B24A8279B19A0009F72BF /* StorageManager.swift */,
				DF1B24A1279B1255009F72BF /* GoogleService-Info.plist */,
				DF300795279B300700797EFD /* Extensions.swift */,
			);
			path = Resources;
			sourceTree = "<group>";
		};
		DF99EDB0279AC23F00761CCD /* Storyboards */ = {
			isa = PBXGroup;
			children = (
				DF99ED9E279AC13F00761CCD /* Main.storyboard */,
				DF99EDA3279AC14000761CCD /* LaunchScreen.storyboard */,
			);
			path = Storyboards;
			sourceTree = "<group>";
		};
		DF99EDB9279AC3B600761CCD /* Core Tabs */ = {
			isa = PBXGroup;
			children = (
				DF99ED9C279AC13F00761CCD /* HomeViewController.swift */,
				DF99EDB1279AC30C00761CCD /* ExploreViewController.swift */,
				DF99EDB3279AC34700761CCD /* CameraViewController.swift */,
				DF99EDB5279AC36E00761CCD /* NotificationsViewController.swift */,
				DF99EDB7279AC38E00761CCD /* ProfileViewController.swift */,
			);
			path = "Core Tabs";
			sourceTree = "<group>";
		};
		DF99EDBA279AC40000761CCD /* Other */ = {
			isa = PBXGroup;
			children = (
				DF99EDBB279AC40C00761CCD /* Onboarding */,
				DF1B24A3279B15E5009F72BF /* General */,
			);
			path = Other;
			sourceTree = "<group>";
		};
		DF99EDBB279AC40C00761CCD /* Onboarding */ = {
			isa = PBXGroup;
			children = (
				DF99EDBC279AC43900761CCD /* LoginViewController.swift */,
				DF99EDBE279AC45D00761CCD /* RegistrationViewController.swift */,
			);
			path = Onboarding;
			sourceTree = "<group>";
		};
		EA7F4CA91BB9751E48B0468B /* Frameworks */ = {
			isa = PBXGroup;
			children = (
				C2EC7752F1A2A69610A79441 /* Pods_Instagram.framework */,
			);
			name = Frameworks;
			sourceTree = "<group>";
		};
/* End PBXGroup section */

/* Begin PBXNativeTarget section */
		DF99ED94279AC13F00761CCD /* Instagram */ = {
			isa = PBXNativeTarget;
			buildConfigurationList = DF99EDA9279AC14000761CCD /* Build configuration list for PBXNativeTarget "Instagram" */;
			buildPhases = (
				AB77F1D887D5926CB8123907 /* [CP] Check Pods Manifest.lock */,
				DF99ED91279AC13F00761CCD /* Sources */,
				DF99ED92279AC13F00761CCD /* Frameworks */,
				DF99ED93279AC13F00761CCD /* Resources */,
				9DCC19C2865BC5640E104E7B /* [CP] Embed Pods Frameworks */,
			);
			buildRules = (
			);
			dependencies = (
			);
			name = Instagram;
			productName = Instagram;
			productReference = DF99ED95279AC13F00761CCD /* Instagram.app */;
			productType = "com.apple.product-type.application";
		};
/* End PBXNativeTarget section */

/* Begin PBXProject section */
		DF99ED8D279AC13F00761CCD /* Project object */ = {
			isa = PBXProject;
			attributes = {
				BuildIndependentTargetsInParallel = 1;
				LastSwiftUpdateCheck = 1320;
				LastUpgradeCheck = 1320;
				TargetAttributes = {
					DF99ED94279AC13F00761CCD = {
						CreatedOnToolsVersion = 13.2.1;
					};
				};
			};
			buildConfigurationList = DF99ED90279AC13F00761CCD /* Build configuration list for PBXProject "Instagram" */;
			compatibilityVersion = "Xcode 13.0";
			developmentRegion = en;
			hasScannedForEncodings = 0;
			knownRegions = (
				en,
				Base,
			);
			mainGroup = DF99ED8C279AC13F00761CCD;
			productRefGroup = DF99ED96279AC13F00761CCD /* Products */;
			projectDirPath = "";
			projectRoot = "";
			targets = (
				DF99ED94279AC13F00761CCD /* Instagram */,
			);
		};
/* End PBXProject section */

/* Begin PBXResourcesBuildPhase section */
		DF99ED93279AC13F00761CCD /* Resources */ = {
			isa = PBXResourcesBuildPhase;
			buildActionMask = 2147483647;
			files = (
				DF99EDA5279AC14000761CCD /* LaunchScreen.storyboard in Resources */,
				DF1B24A2279B1255009F72BF /* GoogleService-Info.plist in Resources */,
				DF99EDA2279AC14000761CCD /* Assets.xcassets in Resources */,
				DF99EDA0279AC13F00761CCD /* Main.storyboard in Resources */,
			);
			runOnlyForDeploymentPostprocessing = 0;
		};
/* End PBXResourcesBuildPhase section */

/* Begin PBXShellScriptBuildPhase section */
		9DCC19C2865BC5640E104E7B /* [CP] Embed Pods Frameworks */ = {
			isa = PBXShellScriptBuildPhase;
			buildActionMask = 2147483647;
			files = (
			);
			inputFileListPaths = (
				"${PODS_ROOT}/Target Support Files/Pods-Instagram/Pods-Instagram-frameworks-${CONFIGURATION}-input-files.xcfilelist",
			);
			name = "[CP] Embed Pods Frameworks";
			outputFileListPaths = (
				"${PODS_ROOT}/Target Support Files/Pods-Instagram/Pods-Instagram-frameworks-${CONFIGURATION}-output-files.xcfilelist",
			);
			runOnlyForDeploymentPostprocessing = 0;
			shellPath = /bin/sh;
			shellScript = "\"${PODS_ROOT}/Target Support Files/Pods-Instagram/Pods-Instagram-frameworks.sh\"\n";
			showEnvVarsInLog = 0;
		};
		AB77F1D887D5926CB8123907 /* [CP] Check Pods Manifest.lock */ = {
			isa = PBXShellScriptBuildPhase;
			buildActionMask = 2147483647;
			files = (
			);
			inputFileListPaths = (
			);
			inputPaths = (
				"${PODS_PODFILE_DIR_PATH}/Podfile.lock",
				"${PODS_ROOT}/Manifest.lock",
			);
			name = "[CP] Check Pods Manifest.lock";
			outputFileListPaths = (
			);
			outputPaths = (
				"$(DERIVED_FILE_DIR)/Pods-Instagram-checkManifestLockResult.txt",
			);
			runOnlyForDeploymentPostprocessing = 0;
			shellPath = /bin/sh;
			shellScript = "diff \"${PODS_PODFILE_DIR_PATH}/Podfile.lock\" \"${PODS_ROOT}/Manifest.lock\" > /dev/null\nif [ $? != 0 ] ; then\n    # print error to STDERR\n    echo \"error: The sandbox is not in sync with the Podfile.lock. Run 'pod install' or update your CocoaPods installation.\" >&2\n    exit 1\nfi\n# This output is used by Xcode 'outputs' to avoid re-running this script phase.\necho \"SUCCESS\" > \"${SCRIPT_OUTPUT_FILE_0}\"\n";
			showEnvVarsInLog = 0;
		};
/* End PBXShellScriptBuildPhase section */

/* Begin PBXSourcesBuildPhase section */
		DF99ED91279AC13F00761CCD /* Sources */ = {
			isa = PBXSourcesBuildPhase;
			buildActionMask = 2147483647;
			files = (
				DF99EDC3279AC4CF00761CCD /* EditProfileViewController.swift in Sources */,
				DF99EDB2279AC30C00761CCD /* ExploreViewController.swift in Sources */,
				DF99EDCF279AC5F100761CCD /* PublishPostViewController.swift in Sources */,
				DF99EDB4279AC34700761CCD /* CameraViewController.swift in Sources */,
				DF99ED9D279AC13F00761CCD /* HomeViewController.swift in Sources */,
				DF99EDBF279AC45D00761CCD /* RegistrationViewController.swift in Sources */,
				DF05A309279F284500570C35 /* IGFeedPostHeaderTableViewCell.swift in Sources */,
				DF99EDCD279AC5C800761CCD /* PostEditorViewController.swift in Sources */,
				DF1B24A9279B19A0009F72BF /* StorageManager.swift in Sources */,
				2C42450F27B52BDA004BBEEB /* Models.swift in Sources */,
				2C45858327A0063A00CA6561 /* FormTableViewCell.swift in Sources */,
				DF99EDC1279AC48E00761CCD /* PostViewController.swift in Sources */,
				2C45858A27A0263200CA6561 /* ProfileTabsCollectionReusableView.swift in Sources */,
				DF1B24A5279B1774009F72BF /* DatabaseManager.swift in Sources */,
				DF99EDB6279AC36E00761CCD /* NotificationsViewController.swift in Sources */,
				DF05A306279F263400570C35 /* IGFeedPostTableViewCell.swift in Sources */,
				2C45858627A023A700CA6561 /* PhotoCollectionViewCell.swift in Sources */,
				DF99EDCB279AC57800761CCD /* SearchResultViewController.swift in Sources */,
				DF99EDBD279AC43900761CCD /* LoginViewController.swift in Sources */,
				DF300796279B300700797EFD /* Extensions.swift in Sources */,
				DF05A30D279F28BF00570C35 /* IGFeedPostGeneralTableViewCell.swift in Sources */,
				DF99EDC9279AC54600761CCD /* SearchViewController.swift in Sources */,
				2C45858827A0251B00CA6561 /* ProfileInfoHeaderCollectionReusableView.swift in Sources */,
				DF99EDB8279AC38E00761CCD /* ProfileViewController.swift in Sources */,
				DF1B24A7279B1933009F72BF /* AuthManager.swift in Sources */,
				DF99ED99279AC13F00761CCD /* AppDelegate.swift in Sources */,
				DF99ED9B279AC13F00761CCD /* SceneDelegate.swift in Sources */,
				DF05A30B279F288200570C35 /* IGFeedPostActionsTableViewCell.swift in Sources */,
				DF99EDC7279AC52100761CCD /* ListViewController.swift in Sources */,
				DF99EDC5279AC4FF00761CCD /* SettingsViewController.swift in Sources */,
			);
			runOnlyForDeploymentPostprocessing = 0;
		};
/* End PBXSourcesBuildPhase section */

/* Begin PBXVariantGroup section */
		DF99ED9E279AC13F00761CCD /* Main.storyboard */ = {
			isa = PBXVariantGroup;
			children = (
				DF99ED9F279AC13F00761CCD /* Base */,
			);
			name = Main.storyboard;
			sourceTree = "<group>";
		};
		DF99EDA3279AC14000761CCD /* LaunchScreen.storyboard */ = {
			isa = PBXVariantGroup;
			children = (
				DF99EDA4279AC14000761CCD /* Base */,
			);
			name = LaunchScreen.storyboard;
			sourceTree = "<group>";
		};
/* End PBXVariantGroup section */

/* Begin XCBuildConfiguration section */
		DF99EDA7279AC14000761CCD /* Debug */ = {
			isa = XCBuildConfiguration;
			buildSettings = {
				ALWAYS_SEARCH_USER_PATHS = NO;
				CLANG_ANALYZER_NONNULL = YES;
				CLANG_ANALYZER_NUMBER_OBJECT_CONVERSION = YES_AGGRESSIVE;
				CLANG_CXX_LANGUAGE_STANDARD = "gnu++17";
				CLANG_CXX_LIBRARY = "libc++";
				CLANG_ENABLE_MODULES = YES;
				CLANG_ENABLE_OBJC_ARC = YES;
				CLANG_ENABLE_OBJC_WEAK = YES;
				CLANG_WARN_BLOCK_CAPTURE_AUTORELEASING = YES;
				CLANG_WARN_BOOL_CONVERSION = YES;
				CLANG_WARN_COMMA = YES;
				CLANG_WARN_CONSTANT_CONVERSION = YES;
				CLANG_WARN_DEPRECATED_OBJC_IMPLEMENTATIONS = YES;
				CLANG_WARN_DIRECT_OBJC_ISA_USAGE = YES_ERROR;
				CLANG_WARN_DOCUMENTATION_COMMENTS = YES;
				CLANG_WARN_EMPTY_BODY = YES;
				CLANG_WARN_ENUM_CONVERSION = YES;
				CLANG_WARN_INFINITE_RECURSION = YES;
				CLANG_WARN_INT_CONVERSION = YES;
				CLANG_WARN_NON_LITERAL_NULL_CONVERSION = YES;
				CLANG_WARN_OBJC_IMPLICIT_RETAIN_SELF = YES;
				CLANG_WARN_OBJC_LITERAL_CONVERSION = YES;
				CLANG_WARN_OBJC_ROOT_CLASS = YES_ERROR;
				CLANG_WARN_QUOTED_INCLUDE_IN_FRAMEWORK_HEADER = YES;
				CLANG_WARN_RANGE_LOOP_ANALYSIS = YES;
				CLANG_WARN_STRICT_PROTOTYPES = YES;
				CLANG_WARN_SUSPICIOUS_MOVE = YES;
				CLANG_WARN_UNGUARDED_AVAILABILITY = YES_AGGRESSIVE;
				CLANG_WARN_UNREACHABLE_CODE = YES;
				CLANG_WARN__DUPLICATE_METHOD_MATCH = YES;
				COPY_PHASE_STRIP = NO;
				DEBUG_INFORMATION_FORMAT = dwarf;
				ENABLE_STRICT_OBJC_MSGSEND = YES;
				ENABLE_TESTABILITY = YES;
				GCC_C_LANGUAGE_STANDARD = gnu11;
				GCC_DYNAMIC_NO_PIC = NO;
				GCC_NO_COMMON_BLOCKS = YES;
				GCC_OPTIMIZATION_LEVEL = 0;
				GCC_PREPROCESSOR_DEFINITIONS = (
					"DEBUG=1",
					"$(inherited)",
				);
				GCC_WARN_64_TO_32_BIT_CONVERSION = YES;
				GCC_WARN_ABOUT_RETURN_TYPE = YES_ERROR;
				GCC_WARN_UNDECLARED_SELECTOR = YES;
				GCC_WARN_UNINITIALIZED_AUTOS = YES_AGGRESSIVE;
				GCC_WARN_UNUSED_FUNCTION = YES;
				GCC_WARN_UNUSED_VARIABLE = YES;
				IPHONEOS_DEPLOYMENT_TARGET = 15.2;
				MTL_ENABLE_DEBUG_INFO = INCLUDE_SOURCE;
				MTL_FAST_MATH = YES;
				ONLY_ACTIVE_ARCH = YES;
				SDKROOT = iphoneos;
				SWIFT_ACTIVE_COMPILATION_CONDITIONS = DEBUG;
				SWIFT_OPTIMIZATION_LEVEL = "-Onone";
			};
			name = Debug;
		};
		DF99EDA8279AC14000761CCD /* Release */ = {
			isa = XCBuildConfiguration;
			buildSettings = {
				ALWAYS_SEARCH_USER_PATHS = NO;
				CLANG_ANALYZER_NONNULL = YES;
				CLANG_ANALYZER_NUMBER_OBJECT_CONVERSION = YES_AGGRESSIVE;
				CLANG_CXX_LANGUAGE_STANDARD = "gnu++17";
				CLANG_CXX_LIBRARY = "libc++";
				CLANG_ENABLE_MODULES = YES;
				CLANG_ENABLE_OBJC_ARC = YES;
				CLANG_ENABLE_OBJC_WEAK = YES;
				CLANG_WARN_BLOCK_CAPTURE_AUTORELEASING = YES;
				CLANG_WARN_BOOL_CONVERSION = YES;
				CLANG_WARN_COMMA = YES;
				CLANG_WARN_CONSTANT_CONVERSION = YES;
				CLANG_WARN_DEPRECATED_OBJC_IMPLEMENTATIONS = YES;
				CLANG_WARN_DIRECT_OBJC_ISA_USAGE = YES_ERROR;
				CLANG_WARN_DOCUMENTATION_COMMENTS = YES;
				CLANG_WARN_EMPTY_BODY = YES;
				CLANG_WARN_ENUM_CONVERSION = YES;
				CLANG_WARN_INFINITE_RECURSION = YES;
				CLANG_WARN_INT_CONVERSION = YES;
				CLANG_WARN_NON_LITERAL_NULL_CONVERSION = YES;
				CLANG_WARN_OBJC_IMPLICIT_RETAIN_SELF = YES;
				CLANG_WARN_OBJC_LITERAL_CONVERSION = YES;
				CLANG_WARN_OBJC_ROOT_CLASS = YES_ERROR;
				CLANG_WARN_QUOTED_INCLUDE_IN_FRAMEWORK_HEADER = YES;
				CLANG_WARN_RANGE_LOOP_ANALYSIS = YES;
				CLANG_WARN_STRICT_PROTOTYPES = YES;
				CLANG_WARN_SUSPICIOUS_MOVE = YES;
				CLANG_WARN_UNGUARDED_AVAILABILITY = YES_AGGRESSIVE;
				CLANG_WARN_UNREACHABLE_CODE = YES;
				CLANG_WARN__DUPLICATE_METHOD_MATCH = YES;
				COPY_PHASE_STRIP = NO;
				DEBUG_INFORMATION_FORMAT = "dwarf-with-dsym";
				ENABLE_NS_ASSERTIONS = NO;
				ENABLE_STRICT_OBJC_MSGSEND = YES;
				GCC_C_LANGUAGE_STANDARD = gnu11;
				GCC_NO_COMMON_BLOCKS = YES;
				GCC_WARN_64_TO_32_BIT_CONVERSION = YES;
				GCC_WARN_ABOUT_RETURN_TYPE = YES_ERROR;
				GCC_WARN_UNDECLARED_SELECTOR = YES;
				GCC_WARN_UNINITIALIZED_AUTOS = YES_AGGRESSIVE;
				GCC_WARN_UNUSED_FUNCTION = YES;
				GCC_WARN_UNUSED_VARIABLE = YES;
				IPHONEOS_DEPLOYMENT_TARGET = 15.2;
				MTL_ENABLE_DEBUG_INFO = NO;
				MTL_FAST_MATH = YES;
				SDKROOT = iphoneos;
				SWIFT_COMPILATION_MODE = wholemodule;
				SWIFT_OPTIMIZATION_LEVEL = "-O";
				VALIDATE_PRODUCT = YES;
			};
			name = Release;
		};
		DF99EDAA279AC14000761CCD /* Debug */ = {
			isa = XCBuildConfiguration;
			baseConfigurationReference = E186ADE034235506269453A9 /* Pods-Instagram.debug.xcconfig */;
			buildSettings = {
				ASSETCATALOG_COMPILER_APPICON_NAME = AppIcon;
				ASSETCATALOG_COMPILER_GLOBAL_ACCENT_COLOR_NAME = AccentColor;
				CODE_SIGN_STYLE = Automatic;
				CURRENT_PROJECT_VERSION = 1;
				DEVELOPMENT_TEAM = UNQVQM5ZA2;
				GENERATE_INFOPLIST_FILE = YES;
				INFOPLIST_FILE = Instagram/Info.plist;
				INFOPLIST_KEY_UIApplicationSupportsIndirectInputEvents = YES;
				INFOPLIST_KEY_UILaunchStoryboardName = LaunchScreen;
				INFOPLIST_KEY_UIMainStoryboardFile = Main;
				INFOPLIST_KEY_UISupportedInterfaceOrientations = UIInterfaceOrientationPortrait;
				INFOPLIST_KEY_UISupportedInterfaceOrientations_iPad = UIInterfaceOrientationPortrait;
				INFOPLIST_KEY_UISupportedInterfaceOrientations_iPhone = UIInterfaceOrientationPortrait;
				IPHONEOS_DEPLOYMENT_TARGET = 13.6;
				LD_RUNPATH_SEARCH_PATHS = (
					"$(inherited)",
					"@executable_path/Frameworks",
				);
				MARKETING_VERSION = 1.0;
				PRODUCT_BUNDLE_IDENTIFIER = Practice.Instagram;
				PRODUCT_NAME = "$(TARGET_NAME)";
				SWIFT_EMIT_LOC_STRINGS = YES;
				SWIFT_VERSION = 5.0;
				TARGETED_DEVICE_FAMILY = "1,2";
			};
			name = Debug;
		};
		DF99EDAB279AC14000761CCD /* Release */ = {
			isa = XCBuildConfiguration;
			baseConfigurationReference = ED2F91CE469F86B80BCD6240 /* Pods-Instagram.release.xcconfig */;
			buildSettings = {
				ASSETCATALOG_COMPILER_APPICON_NAME = AppIcon;
				ASSETCATALOG_COMPILER_GLOBAL_ACCENT_COLOR_NAME = AccentColor;
				CODE_SIGN_STYLE = Automatic;
				CURRENT_PROJECT_VERSION = 1;
				DEVELOPMENT_TEAM = UNQVQM5ZA2;
				GENERATE_INFOPLIST_FILE = YES;
				INFOPLIST_FILE = Instagram/Info.plist;
				INFOPLIST_KEY_UIApplicationSupportsIndirectInputEvents = YES;
				INFOPLIST_KEY_UILaunchStoryboardName = LaunchScreen;
				INFOPLIST_KEY_UIMainStoryboardFile = Main;
				INFOPLIST_KEY_UISupportedInterfaceOrientations = UIInterfaceOrientationPortrait;
				INFOPLIST_KEY_UISupportedInterfaceOrientations_iPad = UIInterfaceOrientationPortrait;
				INFOPLIST_KEY_UISupportedInterfaceOrientations_iPhone = UIInterfaceOrientationPortrait;
				IPHONEOS_DEPLOYMENT_TARGET = 13.6;
				LD_RUNPATH_SEARCH_PATHS = (
					"$(inherited)",
					"@executable_path/Frameworks",
				);
				MARKETING_VERSION = 1.0;
				PRODUCT_BUNDLE_IDENTIFIER = Practice.Instagram;
				PRODUCT_NAME = "$(TARGET_NAME)";
				SWIFT_EMIT_LOC_STRINGS = YES;
				SWIFT_VERSION = 5.0;
				TARGETED_DEVICE_FAMILY = "1,2";
			};
			name = Release;
		};
/* End XCBuildConfiguration section */

/* Begin XCConfigurationList section */
		DF99ED90279AC13F00761CCD /* Build configuration list for PBXProject "Instagram" */ = {
			isa = XCConfigurationList;
			buildConfigurations = (
				DF99EDA7279AC14000761CCD /* Debug */,
				DF99EDA8279AC14000761CCD /* Release */,
			);
			defaultConfigurationIsVisible = 0;
			defaultConfigurationName = Release;
		};
		DF99EDA9279AC14000761CCD /* Build configuration list for PBXNativeTarget "Instagram" */ = {
			isa = XCConfigurationList;
			buildConfigurations = (
				DF99EDAA279AC14000761CCD /* Debug */,
				DF99EDAB279AC14000761CCD /* Release */,
			);
			defaultConfigurationIsVisible = 0;
			defaultConfigurationName = Release;
		};
/* End XCConfigurationList section */
	};
	rootObject = DF99ED8D279AC13F00761CCD /* Project object */;
}
